// !$*UTF8*$!
{
	archiveVersion = 1;
	classes = {
	};
	objectVersion = 56;
	objects = {

/* Begin PBXBuildFile section */
		F35D5FCB2C355C4B00A54A82 /* AppDelegate.swift in Sources */ = {isa = PBXBuildFile; fileRef = F35D5FCA2C355C4B00A54A82 /* AppDelegate.swift */; };
		F35D5FCD2C355C4B00A54A82 /* SceneDelegate.swift in Sources */ = {isa = PBXBuildFile; fileRef = F35D5FCC2C355C4B00A54A82 /* SceneDelegate.swift */; };
		F35D5FCF2C355C4B00A54A82 /* ViewController.swift in Sources */ = {isa = PBXBuildFile; fileRef = F35D5FCE2C355C4B00A54A82 /* ViewController.swift */; };
		F35D5FD22C355C4B00A54A82 /* Main.storyboard in Resources */ = {isa = PBXBuildFile; fileRef = F35D5FD02C355C4B00A54A82 /* Main.storyboard */; };
		F35D5FD42C355C4C00A54A82 /* Assets.xcassets in Resources */ = {isa = PBXBuildFile; fileRef = F35D5FD32C355C4C00A54A82 /* Assets.xcassets */; };
		F35D5FD72C355C4C00A54A82 /* LaunchScreen.storyboard in Resources */ = {isa = PBXBuildFile; fileRef = F35D5FD52C355C4C00A54A82 /* LaunchScreen.storyboard */; };
		F35D5FE42C355EA300A54A82 /* SnapKit in Frameworks */ = {isa = PBXBuildFile; productRef = F35D5FE32C355EA300A54A82 /* SnapKit */; };
		F3F1B66D2C36E6EA00D95C3E /* Extensions.swift in Sources */ = {isa = PBXBuildFile; fileRef = F3F1B66C2C36E6EA00D95C3E /* Extensions.swift */; };
		F3FE0B9E2C36ABE800A74A37 /* PagingCollectionViewLayout.swift in Sources */ = {isa = PBXBuildFile; fileRef = F3FE0B9D2C36ABE800A74A37 /* PagingCollectionViewLayout.swift */; };
/* End PBXBuildFile section */

/* Begin PBXFileReference section */
		F35D5FC72C355C4B00A54A82 /* IOSPractice.app */ = {isa = PBXFileReference; explicitFileType = wrapper.application; includeInIndex = 0; path = IOSPractice.app; sourceTree = BUILT_PRODUCTS_DIR; };
		F35D5FCA2C355C4B00A54A82 /* AppDelegate.swift */ = {isa = PBXFileReference; lastKnownFileType = sourcecode.swift; path = AppDelegate.swift; sourceTree = "<group>"; };
		F35D5FCC2C355C4B00A54A82 /* SceneDelegate.swift */ = {isa = PBXFileReference; lastKnownFileType = sourcecode.swift; path = SceneDelegate.swift; sourceTree = "<group>"; };
		F35D5FCE2C355C4B00A54A82 /* ViewController.swift */ = {isa = PBXFileReference; lastKnownFileType = sourcecode.swift; path = ViewController.swift; sourceTree = "<group>"; };
		F35D5FD12C355C4B00A54A82 /* Base */ = {isa = PBXFileReference; lastKnownFileType = file.storyboard; name = Base; path = Base.lproj/Main.storyboard; sourceTree = "<group>"; };
		F35D5FD32C355C4C00A54A82 /* Assets.xcassets */ = {isa = PBXFileReference; lastKnownFileType = folder.assetcatalog; path = Assets.xcassets; sourceTree = "<group>"; };
		F35D5FD62C355C4C00A54A82 /* Base */ = {isa = PBXFileReference; lastKnownFileType = file.storyboard; name = Base; path = Base.lproj/LaunchScreen.storyboard; sourceTree = "<group>"; };
		F35D5FD82C355C4C00A54A82 /* Info.plist */ = {isa = PBXFileReference; lastKnownFileType = text.plist.xml; path = Info.plist; sourceTree = "<group>"; };
		F3F1B66C2C36E6EA00D95C3E /* Extensions.swift */ = {isa = PBXFileReference; lastKnownFileType = sourcecode.swift; path = Extensions.swift; sourceTree = "<group>"; };
		F3FE0B9D2C36ABE800A74A37 /* PagingCollectionViewLayout.swift */ = {isa = PBXFileReference; fileEncoding = 4; lastKnownFileType = sourcecode.swift; path = PagingCollectionViewLayout.swift; sourceTree = "<group>"; };
/* End PBXFileReference section */

/* Begin PBXFrameworksBuildPhase section */
		F35D5FC42C355C4B00A54A82 /* Frameworks */ = {
			isa = PBXFrameworksBuildPhase;
			buildActionMask = 2147483647;
			files = (
				F35D5FE42C355EA300A54A82 /* SnapKit in Frameworks */,
			);
			runOnlyForDeploymentPostprocessing = 0;
		};
/* End PBXFrameworksBuildPhase section */

/* Begin PBXGroup section */
		F35D5FBE2C355C4B00A54A82 = {
			isa = PBXGroup;
			children = (
				F35D5FC92C355C4B00A54A82 /* IOSPractice */,
				F35D5FC82C355C4B00A54A82 /* Products */,
			);
			sourceTree = "<group>";
		};
		F35D5FC82C355C4B00A54A82 /* Products */ = {
			isa = PBXGroup;
			children = (
				F35D5FC72C355C4B00A54A82 /* IOSPractice.app */,
			);
			name = Products;
			sourceTree = "<group>";
		};
		F35D5FC92C355C4B00A54A82 /* IOSPractice */ = {
			isa = PBXGroup;
			children = (
				F3F1B66B2C36E69F00D95C3E /* ViewControllers */,
				F3F1B66A2C36E67C00D95C3E /* Extensions */,
				F35D5FD82C355C4C00A54A82 /* Info.plist */,
				F35D5FDF2C355DBE00A54A82 /* Application */,
				F35D5FDE2C355DB300A54A82 /* Resources */,
				F35D5FD02C355C4B00A54A82 /* Main.storyboard */,
			);
			path = IOSPractice;
			sourceTree = "<group>";
		};
		F35D5FDE2C355DB300A54A82 /* Resources */ = {
			isa = PBXGroup;
			children = (
				F35D5FD32C355C4C00A54A82 /* Assets.xcassets */,
				F35D5FD52C355C4C00A54A82 /* LaunchScreen.storyboard */,
			);
			path = Resources;
			sourceTree = "<group>";
		};
		F35D5FDF2C355DBE00A54A82 /* Application */ = {
			isa = PBXGroup;
			children = (
				F35D5FCC2C355C4B00A54A82 /* SceneDelegate.swift */,
				F35D5FCA2C355C4B00A54A82 /* AppDelegate.swift */,
			);
			path = Application;
			sourceTree = "<group>";
		};
		F3F1B66A2C36E67C00D95C3E /* Extensions */ = {
			isa = PBXGroup;
			children = (
				F3F1B66C2C36E6EA00D95C3E /* Extensions.swift */,
				F3FE0B9D2C36ABE800A74A37 /* PagingCollectionViewLayout.swift */,
			);
			path = Extensions;
			sourceTree = "<group>";
		};
		F3F1B66B2C36E69F00D95C3E /* ViewControllers */ = {
			isa = PBXGroup;
			children = (
				F35D5FCE2C355C4B00A54A82 /* ViewController.swift */,
			);
			path = ViewControllers;
			sourceTree = "<group>";
		};
/* End PBXGroup section */

/* Begin PBXNativeTarget section */
		F35D5FC62C355C4B00A54A82 /* IOSPractice */ = {
			isa = PBXNativeTarget;
			buildConfigurationList = F35D5FDB2C355C4C00A54A82 /* Build configuration list for PBXNativeTarget "IOSPractice" */;
			buildPhases = (
				F35D5FC32C355C4B00A54A82 /* Sources */,
				F35D5FC42C355C4B00A54A82 /* Frameworks */,
				F35D5FC52C355C4B00A54A82 /* Resources */,
			);
			buildRules = (
			);
			dependencies = (
			);
			name = IOSPractice;
			packageProductDependencies = (
				F35D5FE32C355EA300A54A82 /* SnapKit */,
			);
			productName = IOSPractice;
			productReference = F35D5FC72C355C4B00A54A82 /* IOSPractice.app */;
			productType = "com.apple.product-type.application";
		};
/* End PBXNativeTarget section */

/* Begin PBXProject section */
		F35D5FBF2C355C4B00A54A82 /* Project object */ = {
			isa = PBXProject;
			attributes = {
				BuildIndependentTargetsInParallel = 1;
				LastSwiftUpdateCheck = 1500;
				LastUpgradeCheck = 1500;
				TargetAttributes = {
					F35D5FC62C355C4B00A54A82 = {
						CreatedOnToolsVersion = 15.0.1;
					};
				};
			};
			buildConfigurationList = F35D5FC22C355C4B00A54A82 /* Build configuration list for PBXProject "IOSPractice" */;
			compatibilityVersion = "Xcode 14.0";
			developmentRegion = en;
			hasScannedForEncodings = 0;
			knownRegions = (
				en,
				Base,
			);
			mainGroup = F35D5FBE2C355C4B00A54A82;
			packageReferences = (
				F35D5FE22C355EA300A54A82 /* XCRemoteSwiftPackageReference "SnapKit" */,
			);
			productRefGroup = F35D5FC82C355C4B00A54A82 /* Products */;
			projectDirPath = "";
			projectRoot = "";
			targets = (
				F35D5FC62C355C4B00A54A82 /* IOSPractice */,
			);
		};
/* End PBXProject section */

/* Begin PBXResourcesBuildPhase section */
		F35D5FC52C355C4B00A54A82 /* Resources */ = {
			isa = PBXResourcesBuildPhase;
			buildActionMask = 2147483647;
			files = (
				F35D5FD72C355C4C00A54A82 /* LaunchScreen.storyboard in Resources */,
				F35D5FD42C355C4C00A54A82 /* Assets.xcassets in Resources */,
				F35D5FD22C355C4B00A54A82 /* Main.storyboard in Resources */,
			);
			runOnlyForDeploymentPostprocessing = 0;
		};
/* End PBXResourcesBuildPhase section */

/* Begin PBXSourcesBuildPhase section */
		F35D5FC32C355C4B00A54A82 /* Sources */ = {
			isa = PBXSourcesBuildPhase;
			buildActionMask = 2147483647;
			files = (
				F3F1B66D2C36E6EA00D95C3E /* Extensions.swift in Sources */,
				F3FE0B9E2C36ABE800A74A37 /* PagingCollectionViewLayout.swift in Sources */,
				F35D5FCF2C355C4B00A54A82 /* ViewController.swift in Sources */,
				F35D5FCB2C355C4B00A54A82 /* AppDelegate.swift in Sources */,
				F35D5FCD2C355C4B00A54A82 /* SceneDelegate.swift in Sources */,
			);
			runOnlyForDeploymentPostprocessing = 0;
		};
/* End PBXSourcesBuildPhase section */

/* Begin PBXVariantGroup section */
		F35D5FD02C355C4B00A54A82 /* Main.storyboard */ = {
			isa = PBXVariantGroup;
			children = (
				F35D5FD12C355C4B00A54A82 /* Base */,
			);
			name = Main.storyboard;
			sourceTree = "<group>";
		};
		F35D5FD52C355C4C00A54A82 /* LaunchScreen.storyboard */ = {
			isa = PBXVariantGroup;
			children = (
				F35D5FD62C355C4C00A54A82 /* Base */,
			);
			name = LaunchScreen.storyboard;
			sourceTree = "<group>";
		};
/* End PBXVariantGroup section */

/* Begin XCBuildConfiguration section */
		F35D5FD92C355C4C00A54A82 /* Debug */ = {
			isa = XCBuildConfiguration;
			buildSettings = {
				ALWAYS_SEARCH_USER_PATHS = NO;
				ASSETCATALOG_COMPILER_GENERATE_SWIFT_ASSET_SYMBOL_EXTENSIONS = YES;
				CLANG_ANALYZER_NONNULL = YES;
				CLANG_ANALYZER_NUMBER_OBJECT_CONVERSION = YES_AGGRESSIVE;
				CLANG_CXX_LANGUAGE_STANDARD = "gnu++20";
				CLANG_ENABLE_MODULES = YES;
				CLANG_ENABLE_OBJC_ARC = YES;
				CLANG_ENABLE_OBJC_WEAK = YES;
				CLANG_WARN_BLOCK_CAPTURE_AUTORELEASING = YES;
				CLANG_WARN_BOOL_CONVERSION = YES;
				CLANG_WARN_COMMA = YES;
				CLANG_WARN_CONSTANT_CONVERSION = YES;
				CLANG_WARN_DEPRECATED_OBJC_IMPLEMENTATIONS = YES;
				CLANG_WARN_DIRECT_OBJC_ISA_USAGE = YES_ERROR;
				CLANG_WARN_DOCUMENTATION_COMMENTS = YES;
				CLANG_WARN_EMPTY_BODY = YES;
				CLANG_WARN_ENUM_CONVERSION = YES;
				CLANG_WARN_INFINITE_RECURSION = YES;
				CLANG_WARN_INT_CONVERSION = YES;
				CLANG_WARN_NON_LITERAL_NULL_CONVERSION = YES;
				CLANG_WARN_OBJC_IMPLICIT_RETAIN_SELF = YES;
				CLANG_WARN_OBJC_LITERAL_CONVERSION = YES;
				CLANG_WARN_OBJC_ROOT_CLASS = YES_ERROR;
				CLANG_WARN_QUOTED_INCLUDE_IN_FRAMEWORK_HEADER = YES;
				CLANG_WARN_RANGE_LOOP_ANALYSIS = YES;
				CLANG_WARN_STRICT_PROTOTYPES = YES;
				CLANG_WARN_SUSPICIOUS_MOVE = YES;
				CLANG_WARN_UNGUARDED_AVAILABILITY = YES_AGGRESSIVE;
				CLANG_WARN_UNREACHABLE_CODE = YES;
				CLANG_WARN__DUPLICATE_METHOD_MATCH = YES;
				COPY_PHASE_STRIP = NO;
				DEBUG_INFORMATION_FORMAT = dwarf;
				ENABLE_STRICT_OBJC_MSGSEND = YES;
				ENABLE_TESTABILITY = YES;
				ENABLE_USER_SCRIPT_SANDBOXING = YES;
				GCC_C_LANGUAGE_STANDARD = gnu17;
				GCC_DYNAMIC_NO_PIC = NO;
				GCC_NO_COMMON_BLOCKS = YES;
				GCC_OPTIMIZATION_LEVEL = 0;
				GCC_PREPROCESSOR_DEFINITIONS = (
					"DEBUG=1",
					"$(inherited)",
				);
				GCC_WARN_64_TO_32_BIT_CONVERSION = YES;
				GCC_WARN_ABOUT_RETURN_TYPE = YES_ERROR;
				GCC_WARN_UNDECLARED_SELECTOR = YES;
				GCC_WARN_UNINITIALIZED_AUTOS = YES_AGGRESSIVE;
				GCC_WARN_UNUSED_FUNCTION = YES;
				GCC_WARN_UNUSED_VARIABLE = YES;
				IPHONEOS_DEPLOYMENT_TARGET = 17.0;
				LOCALIZATION_PREFERS_STRING_CATALOGS = YES;
				MTL_ENABLE_DEBUG_INFO = INCLUDE_SOURCE;
				MTL_FAST_MATH = YES;
				ONLY_ACTIVE_ARCH = YES;
				SDKROOT = iphoneos;
				SWIFT_ACTIVE_COMPILATION_CONDITIONS = "DEBUG $(inherited)";
				SWIFT_OPTIMIZATION_LEVEL = "-Onone";
			};
			name = Debug;
		};
		F35D5FDA2C355C4C00A54A82 /* Release */ = {
			isa = XCBuildConfiguration;
			buildSettings = {
				ALWAYS_SEARCH_USER_PATHS = NO;
				ASSETCATALOG_COMPILER_GENERATE_SWIFT_ASSET_SYMBOL_EXTENSIONS = YES;
				CLANG_ANALYZER_NONNULL = YES;
				CLANG_ANALYZER_NUMBER_OBJECT_CONVERSION = YES_AGGRESSIVE;
				CLANG_CXX_LANGUAGE_STANDARD = "gnu++20";
				CLANG_ENABLE_MODULES = YES;
				CLANG_ENABLE_OBJC_ARC = YES;
				CLANG_ENABLE_OBJC_WEAK = YES;
				CLANG_WARN_BLOCK_CAPTURE_AUTORELEASING = YES;
				CLANG_WARN_BOOL_CONVERSION = YES;
				CLANG_WARN_COMMA = YES;
				CLANG_WARN_CONSTANT_CONVERSION = YES;
				CLANG_WARN_DEPRECATED_OBJC_IMPLEMENTATIONS = YES;
				CLANG_WARN_DIRECT_OBJC_ISA_USAGE = YES_ERROR;
				CLANG_WARN_DOCUMENTATION_COMMENTS = YES;
				CLANG_WARN_EMPTY_BODY = YES;
				CLANG_WARN_ENUM_CONVERSION = YES;
				CLANG_WARN_INFINITE_RECURSION = YES;
				CLANG_WARN_INT_CONVERSION = YES;
				CLANG_WARN_NON_LITERAL_NULL_CONVERSION = YES;
				CLANG_WARN_OBJC_IMPLICIT_RETAIN_SELF = YES;
				CLANG_WARN_OBJC_LITERAL_CONVERSION = YES;
				CLANG_WARN_OBJC_ROOT_CLASS = YES_ERROR;
				CLANG_WARN_QUOTED_INCLUDE_IN_FRAMEWORK_HEADER = YES;
				CLANG_WARN_RANGE_LOOP_ANALYSIS = YES;
				CLANG_WARN_STRICT_PROTOTYPES = YES;
				CLANG_WARN_SUSPICIOUS_MOVE = YES;
				CLANG_WARN_UNGUARDED_AVAILABILITY = YES_AGGRESSIVE;
				CLANG_WARN_UNREACHABLE_CODE = YES;
				CLANG_WARN__DUPLICATE_METHOD_MATCH = YES;
				COPY_PHASE_STRIP = NO;
				DEBUG_INFORMATION_FORMAT = "dwarf-with-dsym";
				ENABLE_NS_ASSERTIONS = NO;
				ENABLE_STRICT_OBJC_MSGSEND = YES;
				ENABLE_USER_SCRIPT_SANDBOXING = YES;
				GCC_C_LANGUAGE_STANDARD = gnu17;
				GCC_NO_COMMON_BLOCKS = YES;
				GCC_WARN_64_TO_32_BIT_CONVERSION = YES;
				GCC_WARN_ABOUT_RETURN_TYPE = YES_ERROR;
				GCC_WARN_UNDECLARED_SELECTOR = YES;
				GCC_WARN_UNINITIALIZED_AUTOS = YES_AGGRESSIVE;
				GCC_WARN_UNUSED_FUNCTION = YES;
				GCC_WARN_UNUSED_VARIABLE = YES;
				IPHONEOS_DEPLOYMENT_TARGET = 17.0;
				LOCALIZATION_PREFERS_STRING_CATALOGS = YES;
				MTL_ENABLE_DEBUG_INFO = NO;
				MTL_FAST_MATH = YES;
				SDKROOT = iphoneos;
				SWIFT_COMPILATION_MODE = wholemodule;
				VALIDATE_PRODUCT = YES;
			};
			name = Release;
		};
		F35D5FDC2C355C4C00A54A82 /* Debug */ = {
			isa = XCBuildConfiguration;
			buildSettings = {
				ASSETCATALOG_COMPILER_APPICON_NAME = AppIcon;
				ASSETCATALOG_COMPILER_GLOBAL_ACCENT_COLOR_NAME = AccentColor;
				CODE_SIGN_STYLE = Automatic;
				CURRENT_PROJECT_VERSION = 1;
				GENERATE_INFOPLIST_FILE = YES;
				INFOPLIST_FILE = IOSPractice/Info.plist;
				INFOPLIST_KEY_UIApplicationSupportsIndirectInputEvents = YES;
				INFOPLIST_KEY_UILaunchStoryboardName = LaunchScreen;
				INFOPLIST_KEY_UIMainStoryboardFile = Main;
				INFOPLIST_KEY_UISupportedInterfaceOrientations = UIInterfaceOrientationPortrait;
				INFOPLIST_KEY_UISupportedInterfaceOrientations_iPad = "UIInterfaceOrientationLandscapeLeft UIInterfaceOrientationLandscapeRight UIInterfaceOrientationPortrait UIInterfaceOrientationPortraitUpsideDown";
				LD_RUNPATH_SEARCH_PATHS = (
					"$(inherited)",
					"@executable_path/Frameworks",
				);
				MARKETING_VERSION = 1.0;
				PRODUCT_BUNDLE_IDENTIFIER = Me.IOSPractice;
				PRODUCT_NAME = "$(TARGET_NAME)";
				SUPPORTED_PLATFORMS = "iphoneos iphonesimulator";
				SUPPORTS_MACCATALYST = NO;
				SUPPORTS_MAC_DESIGNED_FOR_IPHONE_IPAD = NO;
				SWIFT_EMIT_LOC_STRINGS = YES;
				SWIFT_VERSION = 5.0;
				TARGETED_DEVICE_FAMILY = 1;
			};
			name = Debug;
		};
		F35D5FDD2C355C4C00A54A82 /* Release */ = {
			isa = XCBuildConfiguration;
			buildSettings = {
				ASSETCATALOG_COMPILER_APPICON_NAME = AppIcon;
				ASSETCATALOG_COMPILER_GLOBAL_ACCENT_COLOR_NAME = AccentColor;
				CODE_SIGN_STYLE = Automatic;
				CURRENT_PROJECT_VERSION = 1;
				GENERATE_INFOPLIST_FILE = YES;
				INFOPLIST_FILE = IOSPractice/Info.plist;
				INFOPLIST_KEY_UIApplicationSupportsIndirectInputEvents = YES;
				INFOPLIST_KEY_UILaunchStoryboardName = LaunchScreen;
				INFOPLIST_KEY_UIMainStoryboardFile = Main;
				INFOPLIST_KEY_UISupportedInterfaceOrientations = UIInterfaceOrientationPortrait;
				INFOPLIST_KEY_UISupportedInterfaceOrientations_iPad = "UIInterfaceOrientationLandscapeLeft UIInterfaceOrientationLandscapeRight UIInterfaceOrientationPortrait UIInterfaceOrientationPortraitUpsideDown";
				LD_RUNPATH_SEARCH_PATHS = (
					"$(inherited)",
					"@executable_path/Frameworks",
				);
				MARKETING_VERSION = 1.0;
				PRODUCT_BUNDLE_IDENTIFIER = Me.IOSPractice;
				PRODUCT_NAME = "$(TARGET_NAME)";
				SUPPORTED_PLATFORMS = "iphoneos iphonesimulator";
				SUPPORTS_MACCATALYST = NO;
				SUPPORTS_MAC_DESIGNED_FOR_IPHONE_IPAD = NO;
				SWIFT_EMIT_LOC_STRINGS = YES;
				SWIFT_VERSION = 5.0;
				TARGETED_DEVICE_FAMILY = 1;
			};
			name = Release;
		};
/* End XCBuildConfiguration section */

/* Begin XCConfigurationList section */
		F35D5FC22C355C4B00A54A82 /* Build configuration list for PBXProject "IOSPractice" */ = {
			isa = XCConfigurationList;
			buildConfigurations = (
				F35D5FD92C355C4C00A54A82 /* Debug */,
				F35D5FDA2C355C4C00A54A82 /* Release */,
			);
			defaultConfigurationIsVisible = 0;
			defaultConfigurationName = Release;
		};
		F35D5FDB2C355C4C00A54A82 /* Build configuration list for PBXNativeTarget "IOSPractice" */ = {
			isa = XCConfigurationList;
			buildConfigurations = (
				F35D5FDC2C355C4C00A54A82 /* Debug */,
				F35D5FDD2C355C4C00A54A82 /* Release */,
			);
			defaultConfigurationIsVisible = 0;
			defaultConfigurationName = Release;
		};
/* End XCConfigurationList section */

/* Begin XCRemoteSwiftPackageReference section */
		F35D5FE22C355EA300A54A82 /* XCRemoteSwiftPackageReference "SnapKit" */ = {
			isa = XCRemoteSwiftPackageReference;
			repositoryURL = "https://github.com/SnapKit/SnapKit";
			requirement = {
				kind = upToNextMajorVersion;
				minimumVersion = 5.7.1;
			};
		};
/* End XCRemoteSwiftPackageReference section */

/* Begin XCSwiftPackageProductDependency section */
		F35D5FE32C355EA300A54A82 /* SnapKit */ = {
			isa = XCSwiftPackageProductDependency;
			package = F35D5FE22C355EA300A54A82 /* XCRemoteSwiftPackageReference "SnapKit" */;
			productName = SnapKit;
		};
/* End XCSwiftPackageProductDependency section */
	};
	rootObject = F35D5FBF2C355C4B00A54A82 /* Project object */;
}
